
Microsoft Visual Studio Solution File, Format Version 12.00
# Visual Studio Version 16
VisualStudioVersion = 16.0.30204.135
MinimumVisualStudioVersion = 10.0.40219.1
Project("{FAE04EC0-301F-11D3-BF4B-00C04F79EFBC}") = "BackgroundCheckEno", "BackgroundCheckEno.csproj", "{67939801-DF79-490D-BF11-DB33AADD20D8}"
EndProject
Global
	GlobalSection(SolutionConfigurationPlatforms) = preSolution
		Debug|Any CPU = Debug|Any CPU
		Release|Any CPU = Release|Any CPU
	EndGlobalSection
	GlobalSection(ProjectConfigurationPlatforms) = postSolution
		{67939801-DF79-490D-BF11-DB33AADD20D8}.Debug|Any CPU.ActiveCfg = Debug|Any CPU
		{67939801-DF79-490D-BF11-DB33AADD20D8}.Debug|Any CPU.Build.0 = Debug|Any CPU
		{67939801-DF79-490D-BF11-DB33AADD20D8}.Release|Any CPU.ActiveCfg = Release|Any CPU
		{67939801-DF79-490D-BF11-DB33AADD20D8}.Release|Any CPU.Build.0 = Release|Any CPU
	EndGlobalSection
	GlobalSection(SolutionProperties) = preSolution
		HideSolutionNode = FALSE
	EndGlobalSection
	GlobalSection(ExtensibilityGlobals) = postSolution
		SolutionGuid = {F355B2A7-CF7C-4417-94A4-77A3693FDA5C}
	EndGlobalSection
EndGlobal
